version = 1
revision = 3
requires-python = ">=3.12"

[[package]]
name = "hashi-server"
version = "0.1.0"
source = { virtual = "." }
dependencies = [
    { name = "sudachidict-core" },
    { name = "sudachipy" },
]

[package.metadata]
requires-dist = [
    { name = "sudachidict-core", specifier = ">=20260116" },
    { name = "sudachipy", specifier = ">=0.6.11" },
]

[[package]]
name = "sudachidict-core"
version = "20260116"
source = { registry = "https://pypi.org/simple" }
dependencies = [
    { name = "sudachipy" },
]
sdist = { url = "https://files.pythonhosted.org/packages/8e/f9/92f818db5d18c54d9a456fdaa5cb4eb0848464fc48888f37f91b0112c2fc/sudachidict_core-20260116.tar.gz", hash = "sha256:81d3c8bbd880a58de33f9fb441663f46fb46a97b829d7ba7598f7085fedf319e", size = 9054, upload-time = "2026-01-20T02:56:34.263Z" }
wheels = [
    { url = "https://files.pythonhosted.org/packages/af/6a/dbf407b0a3b04ae9815e2b66997c60a9ae7c76e61ec0a2d5653745633400/sudachidict_core-20260116-py3-none-any.whl", hash = "sha256:6f0ab1d3ba074d36d487cfcb4dde9fa1aacd96d3d3559bc8691d3ed9c468b157", size = 72170257, upload-time = "2026-01-20T02:57:56.462Z" },
]

[[package]]
name = "sudachipy"
version = "0.6.11"
source = { registry = "https://pypi.org/simple" }
sdist = { url = "https://files.pythonhosted.org/packages/13/34/a52dc020e1ac67ffe2469d22771a850589a1184e0d91d48addd364ee02ba/sudachipy-0.6.11.tar.gz", hash = "sha256:4f03310fd3fc779b3000f49395c939d18a30081632d3cb14488426f7c07cc526", size = 180616, upload-time = "2026-04-13T05:27:26.857Z" }
wheels = [
    { url = "https://files.pythonhosted.org/packages/48/ad/13f75fb5e1da9c76a3a4080e371ba261fac32d5035fd76707366765f93ac/sudachipy-0.6.11-cp312-cp312-macosx_10_13_universal2.whl", hash = "sha256:c83bcca7ab332a00eec3852d4386de53cf68fea140170d5dda4fafbe59f85885", size = 2965197, upload-time = "2026-04-13T05:26:38.902Z" },
    { url = "https://files.pythonhosted.org/packages/46/eb/30283736a29184e962358e7678863f423ddf0f098d196321149c58b9cf08/sudachipy-0.6.11-cp312-cp312-macosx_10_13_x86_64.whl", hash = "sha256:d19e44445bf994755ae500acf0c61c445f65152b0e2cb5c7608c094a317f6934", size = 1526969, upload-time = "2026-04-13T05:26:40.511Z" },
    { url = "https://files.pythonhosted.org/packages/ab/51/44ae0420b6715472a9a3e04ed6ac6b9c2b8c7d8d90e2192e1e938ee1db3d/sudachipy-0.6.11-cp312-cp312-macosx_11_0_arm64.whl", hash = "sha256:cf105a60a705fa540be074197e95d2acf0a8f9e9a9bab5c999b98fade85c539a", size = 1460945, upload-time = "2026-04-13T05:26:41.66Z" },
    { url = "https://files.pythonhosted.org/packages/6d/da/4df93405f5f7453a4fd4a8f5fa34628d2621d6705889a9032fd297377698/sudachipy-0.6.11-cp312-cp312-manylinux2014_aarch64.manylinux_2_17_aarch64.whl", hash = "sha256:49dbcd237a0041f7beae867b03afb53da3c6f1a119c8f9aafc53bd1a4fc1a46a", size = 1583304, upload-time = "2026-04-13T05:26:42.774Z" },
    { url = "https://files.pythonhosted.org/packages/49/ee/f7c20d6e17619c83f5ffa3ed7bd1582174809fd8b396fb9250f24210dd57/sudachipy-0.6.11-cp312-cp312-manylinux2014_x86_64.manylinux_2_17_x86_64.whl", hash = "sha256:9d024efea4ff8b5bd0709f1afbb8e8f230ebd4ec83f9cd76f47b0542b7c22e91", size = 1628277, upload-time = "2026-04-13T05:26:44.335Z" },
    { url = "https://files.pythonhosted.org/packages/c2/43/6c9fcd712bdcbd9968ec20d70504bd33fe1eb9959e611f6e29bb2bce4583/sudachipy-0.6.11-cp312-cp312-win_amd64.whl", hash = "sha256:390352e01d195c15c9a5aa0b2a2270a987baaac64888cc03e164791a7d78fe9f", size = 1326632, upload-time = "2026-04-13T05:26:45.503Z" },
    { url = "https://files.pythonhosted.org/packages/09/71/4d4a6b771fef1571d2f6e73d25ffcb3e8de462af674464c1fd41c9787899/sudachipy-0.6.11-cp313-cp313-macosx_10_13_universal2.whl", hash = "sha256:f38624fc01c2bb087c875a32750e3735b67b6b66487ac30a8e3f2d3599c4e3ea", size = 2964705, upload-time = "2026-04-13T05:26:46.895Z" },
    { url = "https://files.pythonhosted.org/packages/3c/6f/cc4b530725321c098dbaf57fdc74306e22224b8b5c5fd88feaf8a501aa20/sudachipy-0.6.11-cp313-cp313-macosx_10_13_x86_64.whl", hash = "sha256:7a07a9a9232137353bb96d1ae2ce7e33def1ac48b571e338b3433b90581a9bbb", size = 1526522, upload-time = "2026-04-13T05:26:48.038Z" },
    { url = "https://files.pythonhosted.org/packages/ec/a8/94cbedeef4179536ee716504bdf5772060944dce7fa6cf0d3648c50a46de/sudachipy-0.6.11-cp313-cp313-macosx_11_0_arm64.whl", hash = "sha256:d074154c652ed6637a6a3581c67346ce642e47173e849267deb8c711b74157c4", size = 1461288, upload-time = "2026-04-13T05:26:49.388Z" },
    { url = "https://files.pythonhosted.org/packages/98/52/447115dc0a638081fd3f48a54f4ac8f455847366504fc68029ab1b7bd59b/sudachipy-0.6.11-cp313-cp313-manylinux2014_aarch64.manylinux_2_17_aarch64.whl", hash = "sha256:b87831c5f98d634da04629bb6e3cace2a9aee275e83c1b62c8fdd7da4aca2876", size = 1582788, upload-time = "2026-04-13T05:26:50.664Z" },
    { url = "https://files.pythonhosted.org/packages/2a/7e/1b2cbdc8f1a889b76db9aad5599a86ed08d894a197b41dcdab265b1f8440/sudachipy-0.6.11-cp313-cp313-manylinux2014_x86_64.manylinux_2_17_x86_64.whl", hash = "sha256:cc86a6832448a56bcc6200b078a9bebd6059d925328214b96ee6b8830b8d34ab", size = 1627623, upload-time = "2026-04-13T05:26:52.701Z" },
    { url = "https://files.pythonhosted.org/packages/69/4a/d5c1021335edfe8d0e78befb591fb11f4f8543bc0db1acf0ffc4ba135650/sudachipy-0.6.11-cp313-cp313-win_amd64.whl", hash = "sha256:c56d8308e799bff8f0edc0a9921f0bacf9b0b65c5c5df031022a048402f1d9ac", size = 1326405, upload-time = "2026-04-13T05:26:54.709Z" },
    { url = "https://files.pythonhosted.org/packages/db/20/c1ed0b8ab7a9f21d8954659de8113c5ae2f3a1667f21260b408038a94d78/sudachipy-0.6.11-cp313-cp313t-macosx_10_13_universal2.whl", hash = "sha256:ca04ecca9530d7b663f34f32309ad0961b3f85a8921908ecf39274e00522b598", size = 2963252, upload-time = "2026-04-13T05:26:56.263Z" },
    { url = "https://files.pythonhosted.org/packages/67/a3/064353cbc163866aaf42f7735c9b85ea1ff8376ae1ad1b0a60f5a4e97a35/sudachipy-0.6.11-cp313-cp313t-macosx_10_13_x86_64.whl", hash = "sha256:445cd4f8596d308582743cc48425b2c0aebcda04b37b7f18e00ad927d86194b1", size = 1525951, upload-time = "2026-04-13T05:26:57.48Z" },
    { url = "https://files.pythonhosted.org/packages/d0/2c/022b1c2e491bddfd2daa488314973f864941992e20d602e8713672b37765/sudachipy-0.6.11-cp313-cp313t-macosx_11_0_arm64.whl", hash = "sha256:b49d244423c39acb6ffa44a32c0296464f7454213f872d8738e9c43db4bc33d4", size = 1460367, upload-time = "2026-04-13T05:26:58.719Z" },
    { url = "https://files.pythonhosted.org/packages/02/51/42de4a2cb82e428b3f2d04cc5f40370477724429f6dcb5acadb3af488128/sudachipy-0.6.11-cp313-cp313t-manylinux2014_aarch64.manylinux_2_17_aarch64.whl", hash = "sha256:5f7d234e77577ac62fb207e65bb925bdec08fb8a3ac8df52302d3903fd581e26", size = 1581432, upload-time = "2026-04-13T05:26:59.836Z" },
    { url = "https://files.pythonhosted.org/packages/24/e9/b6fb38b6788fdbdeb5e08c26200468a636df4e0ed8fb85b44572e184f6e5/sudachipy-0.6.11-cp313-cp313t-manylinux2014_x86_64.manylinux_2_17_x86_64.whl", hash = "sha256:2e5316b6279c93eca1b325a0f6eda16c284d647daaa1215ee994dd9c543decd4", size = 1627693, upload-time = "2026-04-13T05:27:00.929Z" },
    { url = "https://files.pythonhosted.org/packages/95/ad/4b7d895e47924195f2feb0f07c4379cd6973b321200aa2ca7046e04e7e57/sudachipy-0.6.11-cp314-cp314-macosx_10_13_universal2.whl", hash = "sha256:0fa6c8279d2eaa4abf9f4d2921708a518be019cd32894546640ac1f60060b600", size = 2961076, upload-time = "2026-04-13T05:27:02.42Z" },
    { url = "https://files.pythonhosted.org/packages/4b/e5/972d5fc4af5f114b081e3280e669b91a5b6a1cb2740c4efb06b3f9748d07/sudachipy-0.6.11-cp314-cp314-macosx_10_13_x86_64.whl", hash = "sha256:bc4e9c0882d0b44dea4955416a9e862a80c8d73802ec90546b268d575e4ed985", size = 1524973, upload-time = "2026-04-13T05:27:03.744Z" },
    { url = "https://files.pythonhosted.org/packages/24/23/8734144dbfb7c30d2ffc19a50442b07ad1db9563b6acccd1434e0716ce37/sudachipy-0.6.11-cp314-cp314-macosx_11_0_arm64.whl", hash = "sha256:16c99b6f54c5b9e490cacd2a6f773115b9999226ef365c9fb5d88077ec01a96f", size = 1459634, upload-time = "2026-04-13T05:27:04.835Z" },
    { url = "https://files.pythonhosted.org/packages/19/15/fab04da917e0d73b937dfe1a1886db913ef6a53def93686e81403fdb4aec/sudachipy-0.6.11-cp314-cp314-manylinux2014_aarch64.manylinux_2_17_aarch64.whl", hash = "sha256:9ce45838a633d708761ad86bda165076dbcb9c08bba3c9b8cba6ed9b50c6a917", size = 1581548, upload-time = "2026-04-13T05:27:06.504Z" },
    { url = "https://files.pythonhosted.org/packages/41/df/468830dac0c56be104dd46cd91d20229f7d194705552f2916f0c45766a54/sudachipy-0.6.11-cp314-cp314-manylinux2014_x86_64.manylinux_2_17_x86_64.whl", hash = "sha256:0dcdb872648fa0678880cc21c09c5fc9928eb997321a5ecc2916a51697be6fb4", size = 1623217, upload-time = "2026-04-13T05:27:07.999Z" },
    { url = "https://files.pythonhosted.org/packages/dd/3b/498efb8fccf32b9e3032e74ec0c54004d070517c507a6546d9cd3c726507/sudachipy-0.6.11-cp314-cp314-win_amd64.whl", hash = "sha256:7392701cb6f97926b61e82362b8c438e53ffffa9b8be7b01bb4e550cade54406", size = 1386569, upload-time = "2026-04-13T05:27:09.131Z" },
    { url = "https://files.pythonhosted.org/packages/21/d7/f30121219d1be9dd41dc1d444f6d66cf11c1b7bbcd02cdcf326fa4c97456/sudachipy-0.6.11-cp314-cp314t-macosx_10_13_universal2.whl", hash = "sha256:92f5152a8ef8174c46dd78906ef60d0f5b1eca29471fe2574eb018d088f86980", size = 2961196, upload-time = "2026-04-13T05:27:10.346Z" },
    { url = "https://files.pythonhosted.org/packages/f0/f4/138f9a4189b63c90312088f876817c89143e34a27b703e8b5b39e2cfcffe/sudachipy-0.6.11-cp314-cp314t-macosx_10_13_x86_64.whl", hash = "sha256:7448cbf2efca7c03c620853aefee7e7a3a383e72dbd336fe7bb70aa72b7f982c", size = 1525213, upload-time = "2026-04-13T05:27:11.601Z" },
    { url = "https://files.pythonhosted.org/packages/6d/e5/914fa9aa8075ac8e06b95d876a151488b766f17d0e796bba7f1ca8073a4a/sudachipy-0.6.11-cp314-cp314t-macosx_11_0_arm64.whl", hash = "sha256:43c82d7932f00ea7b10707e4dc8c435cea1d4d4984ed020fda6b0b6e33f8a0cd", size = 1458970, upload-time = "2026-04-13T05:27:13.139Z" },
    { url = "https://files.pythonhosted.org/packages/57/46/6e72b5d96646b472ccce0bd75d2e2318963f1bdda95cc92f7761ebc86ff1/sudachipy-0.6.11-cp314-cp314t-manylinux2014_aarch64.manylinux_2_17_aarch64.whl", hash = "sha256:263083769bb6a60c3b4d98d789ea860c39354bb078ab17fd1418b56e1d58280e", size = 1580002, upload-time = "2026-04-13T05:27:14.923Z" },
    { url = "https://files.pythonhosted.org/packages/4b/81/eb7c3e8b9dd8d2b9759830239869328a50764bd406d00ba1fe6a8eb70d81/sudachipy-0.6.11-cp314-cp314t-manylinux2014_x86_64.manylinux_2_17_x86_64.whl", hash = "sha256:0d49c97ae999f78e8d11f6b5a5da4909d7e8ee7fa1ab650047db97ed1dcee642", size = 1625145, upload-time = "2026-04-13T05:27:16.511Z" },
]
